// !$*UTF8*$!
{
	archiveVersion = 1;
	classes = {
	};
	objectVersion = 46;
	objects = {

/* Begin PBXBuildFile section */
		D769C7601D1B316B008D8564 /* AppDelegate.swift in Sources */ = {isa = PBXBuildFile; fileRef = D769C75F1D1B316B008D8564 /* AppDelegate.swift */; };
		D769C7621D1B316B008D8564 /* ViewController.swift in Sources */ = {isa = PBXBuildFile; fileRef = D769C7611D1B316B008D8564 /* ViewController.swift */; };
		D769C7651D1B316C008D8564 /* Main.storyboard in Resources */ = {isa = PBXBuildFile; fileRef = D769C7631D1B316C008D8564 /* Main.storyboard */; };
		D769C7671D1B316C008D8564 /* Assets.xcassets in Resources */ = {isa = PBXBuildFile; fileRef = D769C7661D1B316C008D8564 /* Assets.xcassets */; };
		D769C76A1D1B316C008D8564 /* LaunchScreen.storyboard in Resources */ = {isa = PBXBuildFile; fileRef = D769C7681D1B316C008D8564 /* LaunchScreen.storyboard */; };
/* End PBXBuildFile section */

/* Begin PBXFileReference section */
		D769C75C1D1B316B008D8564 /* War.app */ = {isa = PBXFileReference; explicitFileType = wrapper.application; includeInIndex = 0; path = War.app; sourceTree = BUILT_PRODUCTS_DIR; };
		D769C75F1D1B316B008D8564 /* AppDelegate.swift */ = {isa = PBXFileReference; lastKnownFileType = sourcecode.swift; path = AppDelegate.swift; sourceTree = "<group>"; };
		D769C7611D1B316B008D8564 /* ViewController.swift */ = {isa = PBXFileReference; lastKnownFileType = sourcecode.swift; path = ViewController.swift; sourceTree = "<group>"; };
		D769C7641D1B316C008D8564 /* Base */ = {isa = PBXFileReference; lastKnownFileType = file.storyboard; name = Base; path = Base.lproj/Main.storyboard; sourceTree = "<group>"; };
		D769C7661D1B316C008D8564 /* Assets.xcassets */ = {isa = PBXFileReference; lastKnownFileType = folder.assetcatalog; path = Assets.xcassets; sourceTree = "<group>"; };
		D769C7691D1B316C008D8564 /* Base */ = {isa = PBXFileReference; lastKnownFileType = file.storyboard; name = Base; path = Base.lproj/LaunchScreen.storyboard; sourceTree = "<group>"; };
		D769C76B1D1B316C008D8564 /* Info.plist */ = {isa = PBXFileReference; lastKnownFileType = text.plist.xml; path = Info.plist; sourceTree = "<group>"; };
/* End PBXFileReference section */

/* Begin PBXFrameworksBuildPhase section */
		D769C7591D1B316B008D8564 /* Frameworks */ = {
			isa = PBXFrameworksBuildPhase;
			buildActionMask = 2147483647;
			files = (
			);
			runOnlyForDeploymentPostprocessing = 0;
		};
/* End PBXFrameworksBuildPhase section */

/* Begin PBXGroup section */
		D769C7531D1B316B008D8564 = {
			isa = PBXGroup;
			children = (
				D769C75E1D1B316B008D8564 /* War */,
				D769C75D1D1B316B008D8564 /* Products */,
			);
			sourceTree = "<group>";
		};
		D769C75D1D1B316B008D8564 /* Products */ = {
			isa = PBXGroup;
			children = (
				D769C75C1D1B316B008D8564 /* War.app */,
			);
			name = Products;
			sourceTree = "<group>";
		};
		D769C75E1D1B316B008D8564 /* War */ = {
			isa = PBXGroup;
			children = (
				D769C75F1D1B316B008D8564 /* AppDelegate.swift */,
				D769C7611D1B316B008D8564 /* ViewController.swift */,
				D769C7631D1B316C008D8564 /* Main.storyboard */,
				D769C7661D1B316C008D8564 /* Assets.xcassets */,
				D769C7681D1B316C008D8564 /* LaunchScreen.storyboard */,
				D769C76B1D1B316C008D8564 /* Info.plist */,
			);
			path = War;
			sourceTree = "<group>";
		};
/* End PBXGroup section */

/* Begin PBXNativeTarget section */
		D769C75B1D1B316B008D8564 /* War */ = {
			isa = PBXNativeTarget;
			buildConfigurationList = D769C76E1D1B316C008D8564 /* Build configuration list for PBXNativeTarget "War" */;
			buildPhases = (
				D769C7581D1B316B008D8564 /* Sources */,
				D769C7591D1B316B008D8564 /* Frameworks */,
				D769C75A1D1B316B008D8564 /* Resources */,
			);
			buildRules = (
			);
			dependencies = (
			);
			name = War;
			productName = War;
			productReference = D769C75C1D1B316B008D8564 /* War.app */;
			productType = "com.apple.product-type.application";
		};
/* End PBXNativeTarget section */

/* Begin PBXProject section */
		D769C7541D1B316B008D8564 /* Project object */ = {
			isa = PBXProject;
			attributes = {
				LastSwiftUpdateCheck = 0730;
				LastUpgradeCheck = 0730;
				ORGANIZATIONNAME = DigleeEye;
				TargetAttributes = {
					D769C75B1D1B316B008D8564 = {
						CreatedOnToolsVersion = 7.3.1;
					};
				};
			};
			buildConfigurationList = D769C7571D1B316B008D8564 /* Build configuration list for PBXProject "War" */;
			compatibilityVersion = "Xcode 3.2";
			developmentRegion = English;
			hasScannedForEncodings = 0;
			knownRegions = (
				en,
				Base,
			);
			mainGroup = D769C7531D1B316B008D8564;
			productRefGroup = D769C75D1D1B316B008D8564 /* Products */;
			projectDirPath = "";
			projectRoot = "";
			targets = (
				D769C75B1D1B316B008D8564 /* War */,
			);
		};
/* End PBXProject section */

/* Begin PBXResourcesBuildPhase section */
		D769C75A1D1B316B008D8564 /* Resources */ = {
			isa = PBXResourcesBuildPhase;
			buildActionMask = 2147483647;
			files = (
				D769C76A1D1B316C008D8564 /* LaunchScreen.storyboard in Resources */,
				D769C7671D1B316C008D8564 /* Assets.xcassets in Resources */,
				D769C7651D1B316C008D8564 /* Main.storyboard in Resources */,
			);
			runOnlyForDeploymentPostprocessing = 0;
		};
/* End PBXResourcesBuildPhase section */

/* Begin PBXSourcesBuildPhase section */
		D769C7581D1B316B008D8564 /* Sources */ = {
			isa = PBXSourcesBuildPhase;
			buildActionMask = 2147483647;
			files = (
				D769C7621D1B316B008D8564 /* ViewController.swift in Sources */,
				D769C7601D1B316B008D8564 /* AppDelegate.swift in Sources */,
			);
			runOnlyForDeploymentPostprocessing = 0;
		};
/* End PBXSourcesBuildPhase section */

/* Begin PBXVariantGroup section */
		D769C7631D1B316C008D8564 /* Main.storyboard */ = {
			isa = PBXVariantGroup;
			children = (
				D769C7641D1B316C008D8564 /* Base */,
			);
			name = Main.storyboard;
			sourceTree = "<group>";
		};
		D769C7681D1B316C008D8564 /* LaunchScreen.storyboard */ = {
			isa = PBXVariantGroup;
			children = (
				D769C7691D1B316C008D8564 /* Base */,
			);
			name = LaunchScreen.storyboard;
			sourceTree = "<group>";
		};
/* End PBXVariantGroup section */

/* Begin XCBuildConfiguration section */
		D769C76C1D1B316C008D8564 /* Debug */ = {
			isa = XCBuildConfiguration;
			buildSettings = {
				ALWAYS_SEARCH_USER_PATHS = NO;
				CLANG_ANALYZER_NONNULL = YES;
				CLANG_CXX_LANGUAGE_STANDARD = "gnu++0x";
				CLANG_CXX_LIBRARY = "libc++";
				CLANG_ENABLE_MODULES = YES;
				CLANG_ENABLE_OBJC_ARC = YES;
				CLANG_WARN_BOOL_CONVERSION = YES;
				CLANG_WARN_CONSTANT_CONVERSION = YES;
				CLANG_WARN_DIRECT_OBJC_ISA_USAGE = YES_ERROR;
				CLANG_WARN_EMPTY_BODY = YES;
				CLANG_WARN_ENUM_CONVERSION = YES;
				CLANG_WARN_INT_CONVERSION = YES;
				CLANG_WARN_OBJC_ROOT_CLASS = YES_ERROR;
				CLANG_WARN_UNREACHABLE_CODE = YES;
				CLANG_WARN__DUPLICATE_METHOD_MATCH = YES;
				"CODE_SIGN_IDENTITY[sdk=iphoneos*]" = "iPhone Developer";
				COPY_PHASE_STRIP = NO;
				DEBUG_INFORMATION_FORMAT = dwarf;
				ENABLE_STRICT_OBJC_MSGSEND = YES;
				ENABLE_TESTABILITY = YES;
				GCC_C_LANGUAGE_STANDARD = gnu99;
				GCC_DYNAMIC_NO_PIC = NO;
				GCC_NO_COMMON_BLOCKS = YES;
				GCC_OPTIMIZATION_LEVEL = 0;
				GCC_PREPROCESSOR_DEFINITIONS = (
					"DEBUG=1",
					"$(inherited)",
				);
				GCC_WARN_64_TO_32_BIT_CONVERSION = YES;
				GCC_WARN_ABOUT_RETURN_TYPE = YES_ERROR;
				GCC_WARN_UNDECLARED_SELECTOR = YES;
				GCC_WARN_UNINITIALIZED_AUTOS = YES_AGGRESSIVE;
				GCC_WARN_UNUSED_FUNCTION = YES;
				GCC_WARN_UNUSED_VARIABLE = YES;
				IPHONEOS_DEPLOYMENT_TARGET = 9.3;
				MTL_ENABLE_DEBUG_INFO = YES;
				ONLY_ACTIVE_ARCH = YES;
				SDKROOT = iphoneos;
				SWIFT_OPTIMIZATION_LEVEL = "-Onone";
			};
			name = Debug;
		};
		D769C76D1D1B316C008D8564 /* Release */ = {
			isa = XCBuildConfiguration;
			buildSettings = {
				ALWAYS_SEARCH_USER_PATHS = NO;
				CLANG_ANALYZER_NONNULL = YES;
				CLANG_CXX_LANGUAGE_STANDARD = "gnu++0x";
				CLANG_CXX_LIBRARY = "libc++";
				CLANG_ENABLE_MODULES = YES;
				CLANG_ENABLE_OBJC_ARC = YES;
				CLANG_WARN_BOOL_CONVERSION = YES;
				CLANG_WARN_CONSTANT_CONVERSION = YES;
				CLANG_WARN_DIRECT_OBJC_ISA_USAGE = YES_ERROR;
				CLANG_WARN_EMPTY_BODY = YES;
				CLANG_WARN_ENUM_CONVERSION = YES;
				CLANG_WARN_INT_CONVERSION = YES;
				CLANG_WARN_OBJC_ROOT_CLASS = YES_ERROR;
				CLANG_WARN_UNREACHABLE_CODE = YES;
				CLANG_WARN__DUPLICATE_METHOD_MATCH = YES;
				"CODE_SIGN_IDENTITY[sdk=iphoneos*]" = "iPhone Developer";
				COPY_PHASE_STRIP = NO;
				DEBUG_INFORMATION_FORMAT = "dwarf-with-dsym";
				ENABLE_NS_ASSERTIONS = NO;
				ENABLE_STRICT_OBJC_MSGSEND = YES;
				GCC_C_LANGUAGE_STANDARD = gnu99;
				GCC_NO_COMMON_BLOCKS = YES;
				GCC_WARN_64_TO_32_BIT_CONVERSION = YES;
				GCC_WARN_ABOUT_RETURN_TYPE = YES_ERROR;
				GCC_WARN_UNDECLARED_SELECTOR = YES;
				GCC_WARN_UNINITIALIZED_AUTOS = YES_AGGRESSIVE;
				GCC_WARN_UNUSED_FUNCTION = YES;
				GCC_WARN_UNUSED_VARIABLE = YES;
				IPHONEOS_DEPLOYMENT_TARGET = 9.3;
				MTL_ENABLE_DEBUG_INFO = NO;
				SDKROOT = iphoneos;
				VALIDATE_PRODUCT = YES;
			};
			name = Release;
		};
		D769C76F1D1B316C008D8564 /* Debug */ = {
			isa = XCBuildConfiguration;
			buildSettings = {
				ASSETCATALOG_COMPILER_APPICON_NAME = AppIcon;
				INFOPLIST_FILE = War/Info.plist;
				LD_RUNPATH_SEARCH_PATHS = "$(inherited) @executable_path/Frameworks";
				PRODUCT_BUNDLE_IDENTIFIER = com.DigleeEye.War;
				PRODUCT_NAME = "$(TARGET_NAME)";
			};
			name = Debug;
		};
		D769C7701D1B316C008D8564 /* Release */ = {
			isa = XCBuildConfiguration;
			buildSettings = {
				ASSETCATALOG_COMPILER_APPICON_NAME = AppIcon;
				INFOPLIST_FILE = War/Info.plist;
				LD_RUNPATH_SEARCH_PATHS = "$(inherited) @executable_path/Frameworks";
				PRODUCT_BUNDLE_IDENTIFIER = com.DigleeEye.War;
				PRODUCT_NAME = "$(TARGET_NAME)";
			};
			name = Release;
		};
/* End XCBuildConfiguration section */

/* Begin XCConfigurationList section */
		D769C7571D1B316B008D8564 /* Build configuration list for PBXProject "War" */ = {
			isa = XCConfigurationList;
			buildConfigurations = (
				D769C76C1D1B316C008D8564 /* Debug */,
				D769C76D1D1B316C008D8564 /* Release */,
			);
			defaultConfigurationIsVisible = 0;
			defaultConfigurationName = Release;
		};
		D769C76E1D1B316C008D8564 /* Build configuration list for PBXNativeTarget "War" */ = {
			isa = XCConfigurationList;
			buildConfigurations = (
				D769C76F1D1B316C008D8564 /* Debug */,
				D769C7701D1B316C008D8564 /* Release */,
			);
			defaultConfigurationIsVisible = 0;
		};
/* End XCConfigurationList section */
	};
	rootObject = D769C7541D1B316B008D8564 /* Project object */;
}
